
Microsoft Visual Studio Solution File, Format Version 12.00
# Visual Studio Version 16
VisualStudioVersion = 16.0.33130.400
MinimumVisualStudioVersion = 10.0.40219.1
Project("{FAE04EC0-301F-11D3-BF4B-00C04F79EFBC}") = "Mission06_vjm12", "Mission06_vjm12\Mission06_vjm12.csproj", "{82C36BB9-2684-429A-9527-FA81FA65C9F2}"
EndProject
Global
	GlobalSection(SolutionConfigurationPlatforms) = preSolution
		Debug|Any CPU = Debug|Any CPU
		Release|Any CPU = Release|Any CPU
	EndGlobalSection
	GlobalSection(ProjectConfigurationPlatforms) = postSolution
		{82C36BB9-2684-429A-9527-FA81FA65C9F2}.Debug|Any CPU.ActiveCfg = Debug|Any CPU
		{82C36BB9-2684-429A-9527-FA81FA65C9F2}.Debug|Any CPU.Build.0 = Debug|Any CPU
		{82C36BB9-2684-429A-9527-FA81FA65C9F2}.Release|Any CPU.ActiveCfg = Release|Any CPU
		{82C36BB9-2684-429A-9527-FA81FA65C9F2}.Release|Any CPU.Build.0 = Release|Any CPU
	EndGlobalSection
	GlobalSection(SolutionProperties) = preSolution
		HideSolutionNode = FALSE
	EndGlobalSection
	GlobalSection(ExtensibilityGlobals) = postSolution
		SolutionGuid = {DC5EA70C-139F-4AB0-ABEE-00E4F25BEE8A}
	EndGlobalSection
EndGlobal
